
Microsoft Visual Studio Solution File, Format Version 12.00
# Visual Studio Version 17
VisualStudioVersion = 17.9.34902.65
MinimumVisualStudioVersion = 10.0.40219.1
Project("{FAE04EC0-301F-11D3-BF4B-00C04F79EFBC}") = "VercelTestApi", "VercelTestApi\VercelTestApi.csproj", "{EFBB7D45-45E3-4E9A-9136-73AA3298D944}"
EndProject
Global
	GlobalSection(SolutionConfigurationPlatforms) = preSolution
		Debug|Any CPU = Debug|Any CPU
		Release|Any CPU = Release|Any CPU
	EndGlobalSection
	GlobalSection(ProjectConfigurationPlatforms) = postSolution
		{EFBB7D45-45E3-4E9A-9136-73AA3298D944}.Debug|Any CPU.ActiveCfg = Debug|Any CPU
		{EFBB7D45-45E3-4E9A-9136-73AA3298D944}.Debug|Any CPU.Build.0 = Debug|Any CPU
		{EFBB7D45-45E3-4E9A-9136-73AA3298D944}.Release|Any CPU.ActiveCfg = Release|Any CPU
		{EFBB7D45-45E3-4E9A-9136-73AA3298D944}.Release|Any CPU.Build.0 = Release|Any CPU
	EndGlobalSection
	GlobalSection(SolutionProperties) = preSolution
		HideSolutionNode = FALSE
	EndGlobalSection
	GlobalSection(ExtensibilityGlobals) = postSolution
		SolutionGuid = {EC0874D1-5271-4B97-95D4-21A8D1C72BBA}
	EndGlobalSection
EndGlobal
